
Microsoft Visual Studio Solution File, Format Version 10.00
# Visual Studio 2008
Project("{FAE04EC0-301F-11D3-BF4B-00C04F79EFBC}") = "XStreamlyClient", "src\XStreamlyClient.csproj", "{5E59322B-F692-46A7-806A-CAA2C2F7CC3A}"
EndProject
Project("{FAE04EC0-301F-11D3-BF4B-00C04F79EFBC}") = "XStreamlyClientTests", "examples\XStreamlyExamples.csproj", "{7432F523-09AB-4217-9C10-D8F3CCB5767F}"
EndProject
Global
	GlobalSection(SolutionConfigurationPlatforms) = preSolution
		Debug|Any CPU = Debug|Any CPU
		Release|Any CPU = Release|Any CPU
	EndGlobalSection
	GlobalSection(ProjectConfigurationPlatforms) = postSolution
		{5E59322B-F692-46A7-806A-CAA2C2F7CC3A}.Debug|Any CPU.ActiveCfg = Debug|Any CPU
		{5E59322B-F692-46A7-806A-CAA2C2F7CC3A}.Debug|Any CPU.Build.0 = Debug|Any CPU
		{5E59322B-F692-46A7-806A-CAA2C2F7CC3A}.Release|Any CPU.ActiveCfg = Release|Any CPU
		{5E59322B-F692-46A7-806A-CAA2C2F7CC3A}.Release|Any CPU.Build.0 = Release|Any CPU
		{7432F523-09AB-4217-9C10-D8F3CCB5767F}.Debug|Any CPU.ActiveCfg = Debug|Any CPU
		{7432F523-09AB-4217-9C10-D8F3CCB5767F}.Debug|Any CPU.Build.0 = Debug|Any CPU
		{7432F523-09AB-4217-9C10-D8F3CCB5767F}.Release|Any CPU.ActiveCfg = Release|Any CPU
		{7432F523-09AB-4217-9C10-D8F3CCB5767F}.Release|Any CPU.Build.0 = Release|Any CPU
	EndGlobalSection
	GlobalSection(SolutionProperties) = preSolution
		HideSolutionNode = FALSE
	EndGlobalSection
EndGlobal
